
Microsoft Visual Studio Solution File, Format Version 12.00
# Visual Studio 2012
Project("{FAE04EC0-301F-11D3-BF4B-00C04F79EFBC}") = "ABC4TrustBHO", "ABC4TrustBHO\ABC4TrustBHO.csproj", "{75CC9C9E-4DDF-41BB-BB72-41F7ADBBBB16}"
EndProject
Global
	GlobalSection(TeamFoundationVersionControl) = preSolution
		SccNumberOfProjects = 2
		SccEnterpriseProvider = {4CA58AB2-18FA-4F8D-95D4-32DDF27D184C}
		SccTeamFoundationServer = https://mema.visualstudio.com/defaultcollection
		SccLocalPath0 = .
		SccProjectUniqueName1 = ABC4TrustBHO\\ABC4TrustBHO.csproj
		SccProjectName1 = ABC4TrustBHO
		SccLocalPath1 = ABC4TrustBHO
	EndGlobalSection
	GlobalSection(SolutionConfigurationPlatforms) = preSolution
		CD_ROM|Any CPU = CD_ROM|Any CPU
		Debug|Any CPU = Debug|Any CPU
		DVD-5|Any CPU = DVD-5|Any CPU
		Release|Any CPU = Release|Any CPU
		SingleImage|Any CPU = SingleImage|Any CPU
	EndGlobalSection
	GlobalSection(ProjectConfigurationPlatforms) = postSolution
		{75CC9C9E-4DDF-41BB-BB72-41F7ADBBBB16}.CD_ROM|Any CPU.ActiveCfg = Release|Any CPU
		{75CC9C9E-4DDF-41BB-BB72-41F7ADBBBB16}.CD_ROM|Any CPU.Build.0 = Release|Any CPU
		{75CC9C9E-4DDF-41BB-BB72-41F7ADBBBB16}.Debug|Any CPU.ActiveCfg = Debug|Any CPU
		{75CC9C9E-4DDF-41BB-BB72-41F7ADBBBB16}.Debug|Any CPU.Build.0 = Debug|Any CPU
		{75CC9C9E-4DDF-41BB-BB72-41F7ADBBBB16}.DVD-5|Any CPU.ActiveCfg = Debug|Any CPU
		{75CC9C9E-4DDF-41BB-BB72-41F7ADBBBB16}.DVD-5|Any CPU.Build.0 = Debug|Any CPU
		{75CC9C9E-4DDF-41BB-BB72-41F7ADBBBB16}.Release|Any CPU.ActiveCfg = Release|Any CPU
		{75CC9C9E-4DDF-41BB-BB72-41F7ADBBBB16}.Release|Any CPU.Build.0 = Release|Any CPU
		{75CC9C9E-4DDF-41BB-BB72-41F7ADBBBB16}.SingleImage|Any CPU.ActiveCfg = Release|Any CPU
		{75CC9C9E-4DDF-41BB-BB72-41F7ADBBBB16}.SingleImage|Any CPU.Build.0 = Release|Any CPU
	EndGlobalSection
	GlobalSection(SolutionProperties) = preSolution
		HideSolutionNode = FALSE
	EndGlobalSection
EndGlobal
